{
  "name": "in-memory",
  "version": "1.0.0",
  "lockfileVersion": 3,
  "requires": true,
  "packages": {
    "": {
      "name": "in-memory",
      "version": "1.0.0",
      "license": "MIT",
      "dependencies": {
        "@nixbus/event-bus": "0.0.20"
      }
    },
    "node_modules/@nixbus/crypto": {
      "version": "0.0.18",
      "resolved": "https://registry.npmjs.org/@nixbus/crypto/-/crypto-0.0.18.tgz",
      "integrity": "sha512-AdkFuzhmem/EfoL5yo5hSLJ1/eaFLwyZQ6pr4N2YKqma6xW98L+GMETThCTHv7fdjx2Ungg8AH3jVHC8bhnFBw==",
      "engines": {
        "node": ">=20.9.0"
      }
    },
    "node_modules/@nixbus/event-bus": {
      "version": "0.0.20",
      "resolved": "https://registry.npmjs.org/@nixbus/event-bus/-/event-bus-0.0.20.tgz",
      "integrity": "sha512-9J96PrItBgU6b7Up1pudWdOffprhwFd6uCBn43+ARMW/99FV2qmjRSMK2MPb71QEoRw1r3sifx9NCOnCzQ7BNQ==",
      "dependencies": {
        "@nixbus/crypto": "0.0.18"
      },
      "engines": {
        "node": ">=20.9.0"
      }
    }
  }
}
