{
  "name": "in-memory",
  "version": "1.0.0",
  "lockfileVersion": 3,
  "requires": true,
  "packages": {
    "": {
      "name": "in-memory",
      "version": "1.0.0",
      "license": "MIT",
      "dependencies": {
        "@nixbus/event-bus": "0.0.21"
      }
    },
    "node_modules/@nixbus/crypto": {
      "version": "0.0.20",
      "resolved": "https://registry.npmjs.org/@nixbus/crypto/-/crypto-0.0.20.tgz",
      "integrity": "sha512-fEK7JD5KSlLt9qKHS7nl/2qZzquaEoz9l9SdE00L5EQVlgAulZfg4+4O+Zb+kzBQ6H79Sz+9GBUBotlYN0mn4w==",
      "engines": {
        "node": ">=20.9.0"
      }
    },
    "node_modules/@nixbus/event-bus": {
      "version": "0.0.21",
      "resolved": "https://registry.npmjs.org/@nixbus/event-bus/-/event-bus-0.0.21.tgz",
      "integrity": "sha512-WYs9c9qJGvCzemgvIUG0pGTXC4pBh9WwcRSxPVUpekZ81w4z/WGyh4p8IP8aONc1lnRuKprUzr7khN5claO17w==",
      "dependencies": {
        "@nixbus/crypto": "0.0.20"
      },
      "engines": {
        "node": ">=20.9.0"
      }
    }
  }
}
