{
  "name": "in-memory",
  "version": "1.0.0",
  "lockfileVersion": 3,
  "requires": true,
  "packages": {
    "": {
      "name": "in-memory",
      "version": "1.0.0",
      "license": "MIT",
      "dependencies": {
        "@nixbus/event-bus": "0.0.29"
      }
    },
    "node_modules/@nixbus/crypto": {
      "version": "0.0.21",
      "resolved": "https://registry.npmjs.org/@nixbus/crypto/-/crypto-0.0.21.tgz",
      "integrity": "sha512-D7KRIfqiCXi7UMxDLYgNhfD85FyY51gMflnTCGWmc1VQHjXEEMPQLyhsupQjXWWAtRBSHo5SQ9NiRNhoiyVo/w==",
      "engines": {
        "node": ">=20.9.0"
      }
    },
    "node_modules/@nixbus/event-bus": {
      "version": "0.0.29",
      "resolved": "https://registry.npmjs.org/@nixbus/event-bus/-/event-bus-0.0.29.tgz",
      "integrity": "sha512-4OWqBIl7fb+otvmcjvjTLC0zaeOTXHQvXN42p0IPNmNOjVpjcJsrkRf+yV7LjCLZ30TmBCun79K4FBw1KAki2A==",
      "dependencies": {
        "@nixbus/crypto": "0.0.21"
      },
      "engines": {
        "node": ">=20.9.0"
      }
    }
  }
}
